
Microsoft Visual Studio Solution File, Format Version 12.00
# Visual Studio 15
VisualStudioVersion = 15.0.28307.329
MinimumVisualStudioVersion = 10.0.40219.1
Project("{FAE04EC0-301F-11D3-BF4B-00C04F79EFBC}") = "TestWorkerProcess.Ws", "TestWorkerProcess.Ws\TestWorkerProcess.Ws.csproj", "{13E8093D-EC54-497C-B3B1-CFB366591FA5}"
EndProject
Project("{FAE04EC0-301F-11D3-BF4B-00C04F79EFBC}") = "TestWorkerProcess.W", "TestWorkerProcess.W\TestWorkerProcess.W.csproj", "{FD10F077-8F8D-48B9-A5C1-05F068E125DF}"
EndProject
Global
	GlobalSection(SolutionConfigurationPlatforms) = preSolution
		Debug|Any CPU = Debug|Any CPU
		Release|Any CPU = Release|Any CPU
	EndGlobalSection
	GlobalSection(ProjectConfigurationPlatforms) = postSolution
		{13E8093D-EC54-497C-B3B1-CFB366591FA5}.Debug|Any CPU.ActiveCfg = Debug|Any CPU
		{13E8093D-EC54-497C-B3B1-CFB366591FA5}.Debug|Any CPU.Build.0 = Debug|Any CPU
		{13E8093D-EC54-497C-B3B1-CFB366591FA5}.Release|Any CPU.ActiveCfg = Release|Any CPU
		{13E8093D-EC54-497C-B3B1-CFB366591FA5}.Release|Any CPU.Build.0 = Release|Any CPU
		{FD10F077-8F8D-48B9-A5C1-05F068E125DF}.Debug|Any CPU.ActiveCfg = Debug|Any CPU
		{FD10F077-8F8D-48B9-A5C1-05F068E125DF}.Debug|Any CPU.Build.0 = Debug|Any CPU
		{FD10F077-8F8D-48B9-A5C1-05F068E125DF}.Release|Any CPU.ActiveCfg = Release|Any CPU
		{FD10F077-8F8D-48B9-A5C1-05F068E125DF}.Release|Any CPU.Build.0 = Release|Any CPU
	EndGlobalSection
	GlobalSection(SolutionProperties) = preSolution
		HideSolutionNode = FALSE
	EndGlobalSection
	GlobalSection(ExtensibilityGlobals) = postSolution
		SolutionGuid = {F197CF42-B133-40A2-9315-85B4C806DB5A}
	EndGlobalSection
EndGlobal
